
Microsoft Visual Studio Solution File, Format Version 12.00
# Visual Studio Version 17
VisualStudioVersion = 17.2.32616.157
MinimumVisualStudioVersion = 10.0.40219.1
Project("{FAE04EC0-301F-11D3-BF4B-00C04F79EFBC}") = "FundScreenerServiceHost", "FundScreenerServiceHost\FundScreenerServiceHost.csproj", "{2C3D1E77-79B5-4457-820C-AAB1A5E284DC}"
EndProject
Global
	GlobalSection(SolutionConfigurationPlatforms) = preSolution
		Debug|Any CPU = Debug|Any CPU
		Release|Any CPU = Release|Any CPU
	EndGlobalSection
	GlobalSection(ProjectConfigurationPlatforms) = postSolution
		{2C3D1E77-79B5-4457-820C-AAB1A5E284DC}.Debug|Any CPU.ActiveCfg = Debug|Any CPU
		{2C3D1E77-79B5-4457-820C-AAB1A5E284DC}.Debug|Any CPU.Build.0 = Debug|Any CPU
		{2C3D1E77-79B5-4457-820C-AAB1A5E284DC}.Release|Any CPU.ActiveCfg = Release|Any CPU
		{2C3D1E77-79B5-4457-820C-AAB1A5E284DC}.Release|Any CPU.Build.0 = Release|Any CPU
	EndGlobalSection
	GlobalSection(SolutionProperties) = preSolution
		HideSolutionNode = FALSE
	EndGlobalSection
	GlobalSection(ExtensibilityGlobals) = postSolution
		SolutionGuid = {8549D4E9-C8C3-482F-A337-1467A6C7617F}
	EndGlobalSection
EndGlobal
